
Microsoft Visual Studio Solution File, Format Version 12.00
# Visual Studio Version 17
VisualStudioVersion = 17.9.34607.119
MinimumVisualStudioVersion = 10.0.40219.1
Project("{2150E333-8FDC-42A3-9474-1A3956D46DE8}") = "src", "src", "{E88CA4B7-229D-4DB8-8033-F1F46A7BF2D7}"
EndProject
Project("{2150E333-8FDC-42A3-9474-1A3956D46DE8}") = "API", "API", "{BA5FFA3A-4537-49ED-806A-9FEDBADBC440}"
EndProject
Project("{2150E333-8FDC-42A3-9474-1A3956D46DE8}") = "Core", "Core", "{62C7F5D9-3764-4DB1-90B2-92B86D49CA4B}"
EndProject
Project("{2150E333-8FDC-42A3-9474-1A3956D46DE8}") = "Infrastructure", "Infrastructure", "{A309484C-1755-4066-BECA-F88362841121}"
EndProject
Project("{FAE04EC0-301F-11D3-BF4B-00C04F79EFBC}") = "SANA.Shop.API", "SANA.Shop.API\SANA.Shop.API.csproj", "{434AE2B0-E4DD-47EE-AE85-649F5ED92BEA}"
EndProject
Project("{FAE04EC0-301F-11D3-BF4B-00C04F79EFBC}") = "SANA.Shop.Application", "SANA.Shop.Application\SANA.Shop.Application.csproj", "{9698305A-7405-456F-A82C-861C0A7439B5}"
EndProject
Project("{FAE04EC0-301F-11D3-BF4B-00C04F79EFBC}") = "SANA.Shop.Domain", "SANA.Shop.Domain\SANA.Shop.Domain.csproj", "{758E6C13-5C6A-4828-BD5A-651B58A17351}"
EndProject
Project("{FAE04EC0-301F-11D3-BF4B-00C04F79EFBC}") = "SANA.Shop.Persistence", "SANA.Shop.Persistence\SANA.Shop.Persistence.csproj", "{21777690-4AA0-487B-AF47-D5610AD0D37D}"
EndProject
Global
	GlobalSection(SolutionConfigurationPlatforms) = preSolution
		Debug|Any CPU = Debug|Any CPU
		Release|Any CPU = Release|Any CPU
	EndGlobalSection
	GlobalSection(ProjectConfigurationPlatforms) = postSolution
		{434AE2B0-E4DD-47EE-AE85-649F5ED92BEA}.Debug|Any CPU.ActiveCfg = Debug|Any CPU
		{434AE2B0-E4DD-47EE-AE85-649F5ED92BEA}.Debug|Any CPU.Build.0 = Debug|Any CPU
		{434AE2B0-E4DD-47EE-AE85-649F5ED92BEA}.Release|Any CPU.ActiveCfg = Release|Any CPU
		{434AE2B0-E4DD-47EE-AE85-649F5ED92BEA}.Release|Any CPU.Build.0 = Release|Any CPU
		{9698305A-7405-456F-A82C-861C0A7439B5}.Debug|Any CPU.ActiveCfg = Debug|Any CPU
		{9698305A-7405-456F-A82C-861C0A7439B5}.Debug|Any CPU.Build.0 = Debug|Any CPU
		{9698305A-7405-456F-A82C-861C0A7439B5}.Release|Any CPU.ActiveCfg = Release|Any CPU
		{9698305A-7405-456F-A82C-861C0A7439B5}.Release|Any CPU.Build.0 = Release|Any CPU
		{758E6C13-5C6A-4828-BD5A-651B58A17351}.Debug|Any CPU.ActiveCfg = Debug|Any CPU
		{758E6C13-5C6A-4828-BD5A-651B58A17351}.Debug|Any CPU.Build.0 = Debug|Any CPU
		{758E6C13-5C6A-4828-BD5A-651B58A17351}.Release|Any CPU.ActiveCfg = Release|Any CPU
		{758E6C13-5C6A-4828-BD5A-651B58A17351}.Release|Any CPU.Build.0 = Release|Any CPU
		{21777690-4AA0-487B-AF47-D5610AD0D37D}.Debug|Any CPU.ActiveCfg = Debug|Any CPU
		{21777690-4AA0-487B-AF47-D5610AD0D37D}.Debug|Any CPU.Build.0 = Debug|Any CPU
		{21777690-4AA0-487B-AF47-D5610AD0D37D}.Release|Any CPU.ActiveCfg = Release|Any CPU
		{21777690-4AA0-487B-AF47-D5610AD0D37D}.Release|Any CPU.Build.0 = Release|Any CPU
	EndGlobalSection
	GlobalSection(SolutionProperties) = preSolution
		HideSolutionNode = FALSE
	EndGlobalSection
	GlobalSection(NestedProjects) = preSolution
		{BA5FFA3A-4537-49ED-806A-9FEDBADBC440} = {E88CA4B7-229D-4DB8-8033-F1F46A7BF2D7}
		{62C7F5D9-3764-4DB1-90B2-92B86D49CA4B} = {E88CA4B7-229D-4DB8-8033-F1F46A7BF2D7}
		{A309484C-1755-4066-BECA-F88362841121} = {E88CA4B7-229D-4DB8-8033-F1F46A7BF2D7}
		{434AE2B0-E4DD-47EE-AE85-649F5ED92BEA} = {BA5FFA3A-4537-49ED-806A-9FEDBADBC440}
		{9698305A-7405-456F-A82C-861C0A7439B5} = {62C7F5D9-3764-4DB1-90B2-92B86D49CA4B}
		{758E6C13-5C6A-4828-BD5A-651B58A17351} = {62C7F5D9-3764-4DB1-90B2-92B86D49CA4B}
		{21777690-4AA0-487B-AF47-D5610AD0D37D} = {A309484C-1755-4066-BECA-F88362841121}
	EndGlobalSection
	GlobalSection(ExtensibilityGlobals) = postSolution
		SolutionGuid = {F798B5B4-6F55-4758-BC17-4BB40134721C}
	EndGlobalSection
EndGlobal
